
Microsoft Visual Studio Solution File, Format Version 12.00
# Visual Studio Version 16
VisualStudioVersion = 16.0.29709.97
MinimumVisualStudioVersion = 10.0.40219.1
Project("{2150E333-8FDC-42A3-9474-1A3956D46DE8}") = "src", "src", "{2E31A637-66F2-438E-89AC-78D59B03ECF6}"
EndProject
Project("{2150E333-8FDC-42A3-9474-1A3956D46DE8}") = "test", "test", "{A42D25D6-7404-434D-850B-F3B9CB550018}"
EndProject
Project("{9A19103F-16F7-4668-BE54-9A1E7A4F7556}") = "CourseWorkSLN", "src\CourseWorkSLN\CourseWorkSLN.csproj", "{1083B830-FFA3-40EE-AD84-872E48133189}"
EndProject
Project("{9A19103F-16F7-4668-BE54-9A1E7A4F7556}") = "BusinessLogicLayer", "src\BusinessLogicLayer\BusinessLogicLayer.csproj", "{98C46A5F-B6F3-4C69-A11B-3F1D0A630DFE}"
EndProject
Project("{888888A0-9F3D-457C-B088-3A5042F75D52}") = "SurfacePointAPI_python", "src\SurfacePointAPI_python\SurfacePointAPI_python.pyproj", "{D52A20D8-641A-4424-B706-1E8A7C248729}"
EndProject
Global
	GlobalSection(SolutionConfigurationPlatforms) = preSolution
		Debug|Any CPU = Debug|Any CPU
		Release|Any CPU = Release|Any CPU
	EndGlobalSection
	GlobalSection(ProjectConfigurationPlatforms) = postSolution
		{1083B830-FFA3-40EE-AD84-872E48133189}.Debug|Any CPU.ActiveCfg = Debug|Any CPU
		{1083B830-FFA3-40EE-AD84-872E48133189}.Debug|Any CPU.Build.0 = Debug|Any CPU
		{1083B830-FFA3-40EE-AD84-872E48133189}.Release|Any CPU.ActiveCfg = Release|Any CPU
		{1083B830-FFA3-40EE-AD84-872E48133189}.Release|Any CPU.Build.0 = Release|Any CPU
		{98C46A5F-B6F3-4C69-A11B-3F1D0A630DFE}.Debug|Any CPU.ActiveCfg = Debug|Any CPU
		{98C46A5F-B6F3-4C69-A11B-3F1D0A630DFE}.Debug|Any CPU.Build.0 = Debug|Any CPU
		{98C46A5F-B6F3-4C69-A11B-3F1D0A630DFE}.Release|Any CPU.ActiveCfg = Release|Any CPU
		{98C46A5F-B6F3-4C69-A11B-3F1D0A630DFE}.Release|Any CPU.Build.0 = Release|Any CPU
		{D52A20D8-641A-4424-B706-1E8A7C248729}.Debug|Any CPU.ActiveCfg = Debug|Any CPU
		{D52A20D8-641A-4424-B706-1E8A7C248729}.Release|Any CPU.ActiveCfg = Release|Any CPU
	EndGlobalSection
	GlobalSection(SolutionProperties) = preSolution
		HideSolutionNode = FALSE
	EndGlobalSection
	GlobalSection(NestedProjects) = preSolution
		{1083B830-FFA3-40EE-AD84-872E48133189} = {2E31A637-66F2-438E-89AC-78D59B03ECF6}
		{98C46A5F-B6F3-4C69-A11B-3F1D0A630DFE} = {2E31A637-66F2-438E-89AC-78D59B03ECF6}
		{D52A20D8-641A-4424-B706-1E8A7C248729} = {2E31A637-66F2-438E-89AC-78D59B03ECF6}
	EndGlobalSection
	GlobalSection(ExtensibilityGlobals) = postSolution
		SolutionGuid = {97062A89-F8B8-4D66-893A-938170B38619}
	EndGlobalSection
EndGlobal
